
Microsoft Visual Studio Solution File, Format Version 12.00
# Visual Studio Version 16
VisualStudioVersion = 16.0.30320.27
MinimumVisualStudioVersion = 10.0.40219.1
Project("{9A19103F-16F7-4668-BE54-9A1E7A4F7556}") = "SongChordsRecognizer", "SongChordsRecognizer\SongChordsRecognizer.csproj", "{DA85AA61-953A-440C-809C-904B6DD4333A}"
EndProject
Global
	GlobalSection(SolutionConfigurationPlatforms) = preSolution
		Debug|Any CPU = Debug|Any CPU
		Release|Any CPU = Release|Any CPU
	EndGlobalSection
	GlobalSection(ProjectConfigurationPlatforms) = postSolution
		{DA85AA61-953A-440C-809C-904B6DD4333A}.Debug|Any CPU.ActiveCfg = Debug|Any CPU
		{DA85AA61-953A-440C-809C-904B6DD4333A}.Debug|Any CPU.Build.0 = Debug|Any CPU
		{DA85AA61-953A-440C-809C-904B6DD4333A}.Release|Any CPU.ActiveCfg = Release|Any CPU
		{DA85AA61-953A-440C-809C-904B6DD4333A}.Release|Any CPU.Build.0 = Release|Any CPU
	EndGlobalSection
	GlobalSection(SolutionProperties) = preSolution
		HideSolutionNode = FALSE
	EndGlobalSection
	GlobalSection(ExtensibilityGlobals) = postSolution
		SolutionGuid = {04F81427-9153-40C0-A508-3C5695F02A32}
	EndGlobalSection
EndGlobal
